
Microsoft Visual Studio Solution File, Format Version 12.00
# Visual Studio Version 17
VisualStudioVersion = 17.1.32210.238
MinimumVisualStudioVersion = 10.0.40219.1
Project("{FAE04EC0-301F-11D3-BF4B-00C04F79EFBC}") = "InterfaceMethodKullanimi", "InterfaceMethodKullanimi\InterfaceMethodKullanimi.csproj", "{4195C5ED-D4E3-42B0-A468-07C64DA52D2E}"
EndProject
Project("{FAE04EC0-301F-11D3-BF4B-00C04F79EFBC}") = "InterfaceSegratation", "InterfaceSegratation\InterfaceSegratation.csproj", "{172B1161-E3C4-448D-A7C4-2F019E18DE25}"
EndProject
Project("{FAE04EC0-301F-11D3-BF4B-00C04F79EFBC}") = "windowsform", "windowsform\windowsform.csproj", "{A85302BB-D72D-4557-AEDB-20DF9F5D7661}"
EndProject
Global
	GlobalSection(SolutionConfigurationPlatforms) = preSolution
		Debug|Any CPU = Debug|Any CPU
		Release|Any CPU = Release|Any CPU
	EndGlobalSection
	GlobalSection(ProjectConfigurationPlatforms) = postSolution
		{4195C5ED-D4E3-42B0-A468-07C64DA52D2E}.Debug|Any CPU.ActiveCfg = Debug|Any CPU
		{4195C5ED-D4E3-42B0-A468-07C64DA52D2E}.Debug|Any CPU.Build.0 = Debug|Any CPU
		{4195C5ED-D4E3-42B0-A468-07C64DA52D2E}.Release|Any CPU.ActiveCfg = Release|Any CPU
		{4195C5ED-D4E3-42B0-A468-07C64DA52D2E}.Release|Any CPU.Build.0 = Release|Any CPU
		{172B1161-E3C4-448D-A7C4-2F019E18DE25}.Debug|Any CPU.ActiveCfg = Debug|Any CPU
		{172B1161-E3C4-448D-A7C4-2F019E18DE25}.Debug|Any CPU.Build.0 = Debug|Any CPU
		{172B1161-E3C4-448D-A7C4-2F019E18DE25}.Release|Any CPU.ActiveCfg = Release|Any CPU
		{172B1161-E3C4-448D-A7C4-2F019E18DE25}.Release|Any CPU.Build.0 = Release|Any CPU
		{A85302BB-D72D-4557-AEDB-20DF9F5D7661}.Debug|Any CPU.ActiveCfg = Debug|Any CPU
		{A85302BB-D72D-4557-AEDB-20DF9F5D7661}.Debug|Any CPU.Build.0 = Debug|Any CPU
		{A85302BB-D72D-4557-AEDB-20DF9F5D7661}.Release|Any CPU.ActiveCfg = Release|Any CPU
		{A85302BB-D72D-4557-AEDB-20DF9F5D7661}.Release|Any CPU.Build.0 = Release|Any CPU
	EndGlobalSection
	GlobalSection(SolutionProperties) = preSolution
		HideSolutionNode = FALSE
	EndGlobalSection
	GlobalSection(ExtensibilityGlobals) = postSolution
		SolutionGuid = {9813AEB6-E1BA-4DBA-90F2-A24DC4C745DF}
	EndGlobalSection
EndGlobal
